<?xml version="1.0" encoding="utf-8"?>
<Project ToolsVersion="4.0" xmlns="http://schemas.microsoft.com/developer/msbuild/2003">
  <ItemGroup>
    <Filter Include="Core">
      <UniqueIdentifier>{2EB4837C-1AEB-840D-C3D7-6A10AFED000F}</UniqueIdentifier>
    </Filter>
  </ItemGroup>
  <ItemGroup>
    <ClInclude Include="src\Core\Program.h">
      <Filter>Core</Filter>
    </ClInclude>
    <ClInclude Include="src\JLynCore.h" />
    <ClInclude Include="src\SFML.h" />
    <ClInclude Include="src\Log\Log.h" />
    <ClInclude Include="src\Core\Button.h" />
    <ClInclude Include="src\JLyn.h" />
    <ClInclude Include="src\Core\Entity.h" />
  </ItemGroup>
  <ItemGroup>
    <ClCompile Include="src\Application.cpp" />
    <ClCompile Include="src\Core\Program.cpp">
      <Filter>Core</Filter>
    </ClCompile>
    <ClCompile Include="src\Log\Log.cpp" />
    <ClCompile Include="src\Core\Button.cpp" />
    <ClCompile Include="src\Core\Entity.cpp" />
  </ItemGroup>
</Project>